// !$*UTF8*$!
{
	archiveVersion = 1;
	classes = {
	};
	objectVersion = 77;
	objects = {

/* Begin PBXBuildFile section */
		D354ADAA2E5388E900EF3F06 /* Auth in Frameworks */ = {isa = PBXBuildFile; productRef = D354ADA92E5388E900EF3F06 /* Auth */; };
		D354ADAC2E5388E900EF3F06 /* Functions in Frameworks */ = {isa = PBXBuildFile; productRef = D354ADAB2E5388E900EF3F06 /* Functions */; };
		D354ADAE2E5388E900EF3F06 /* PostgREST in Frameworks */ = {isa = PBXBuildFile; productRef = D354ADAD2E5388E900EF3F06 /* PostgREST */; };
		D354ADB02E5388E900EF3F06 /* Realtime in Frameworks */ = {isa = PBXBuildFile; productRef = D354ADAF2E5388E900EF3F06 /* Realtime */; };
		D354ADB22E5388E900EF3F06 /* Storage in Frameworks */ = {isa = PBXBuildFile; productRef = D354ADB12E5388E900EF3F06 /* Storage */; };
		D354ADB52E58970A00EF3F06 /* Supabase in Frameworks */ = {isa = PBXBuildFile; productRef = D354ADB42E58970A00EF3F06 /* Supabase */; };
		D3844DC22EE2DF5900C283A6 /* README.md in Resources */ = {isa = PBXBuildFile; fileRef = D3844DC12EE2DF5900C283A6 /* README.md */; };
/* End PBXBuildFile section */

/* Begin PBXContainerItemProxy section */
		D3D458EA2DBFEB1F001C706B /* PBXContainerItemProxy */ = {
			isa = PBXContainerItemProxy;
			containerPortal = D3D458CF2DBFEB1E001C706B /* Project object */;
			proxyType = 1;
			remoteGlobalIDString = D3D458D62DBFEB1E001C706B;
			remoteInfo = BonApp;
		};
		D3D458F42DBFEB1F001C706B /* PBXContainerItemProxy */ = {
			isa = PBXContainerItemProxy;
			containerPortal = D3D458CF2DBFEB1E001C706B /* Project object */;
			proxyType = 1;
			remoteGlobalIDString = D3D458D62DBFEB1E001C706B;
			remoteInfo = BonApp;
		};
/* End PBXContainerItemProxy section */

/* Begin PBXFileReference section */
		D33CB2542EF23D03000DC6D8 /* .gitignore */ = {isa = PBXFileReference; lastKnownFileType = text; path = .gitignore; sourceTree = "<group>"; };
		D3844DC12EE2DF5900C283A6 /* README.md */ = {isa = PBXFileReference; lastKnownFileType = net.daringfireball.markdown; path = README.md; sourceTree = "<group>"; };
		D3D458D72DBFEB1E001C706B /* BonApp.app */ = {isa = PBXFileReference; explicitFileType = wrapper.application; includeInIndex = 0; path = BonApp.app; sourceTree = BUILT_PRODUCTS_DIR; };
		D3D458E92DBFEB1F001C706B /* BonAppTests.xctest */ = {isa = PBXFileReference; explicitFileType = wrapper.cfbundle; includeInIndex = 0; path = BonAppTests.xctest; sourceTree = BUILT_PRODUCTS_DIR; };
		D3D458F32DBFEB1F001C706B /* BonAppUITests.xctest */ = {isa = PBXFileReference; explicitFileType = wrapper.cfbundle; includeInIndex = 0; path = BonAppUITests.xctest; sourceTree = BUILT_PRODUCTS_DIR; };
/* End PBXFileReference section */

/* Begin PBXFileSystemSynchronizedRootGroup section */
		D3D458D92DBFEB1E001C706B /* BonApp */ = {
			isa = PBXFileSystemSynchronizedRootGroup;
			path = BonApp;
			sourceTree = "<group>";
		};
		D3D458EC2DBFEB1F001C706B /* BonAppTests */ = {
			isa = PBXFileSystemSynchronizedRootGroup;
			path = BonAppTests;
			sourceTree = "<group>";
		};
		D3D458F62DBFEB1F001C706B /* BonAppUITests */ = {
			isa = PBXFileSystemSynchronizedRootGroup;
			path = BonAppUITests;
			sourceTree = "<group>";
		};
/* End PBXFileSystemSynchronizedRootGroup section */

/* Begin PBXFrameworksBuildPhase section */
		D3D458D42DBFEB1E001C706B /* Frameworks */ = {
			isa = PBXFrameworksBuildPhase;
			buildActionMask = 2147483647;
			files = (
				D354ADAE2E5388E900EF3F06 /* PostgREST in Frameworks */,
				D354ADAC2E5388E900EF3F06 /* Functions in Frameworks */,
				D354ADB52E58970A00EF3F06 /* Supabase in Frameworks */,
				D354ADAA2E5388E900EF3F06 /* Auth in Frameworks */,
				D354ADB22E5388E900EF3F06 /* Storage in Frameworks */,
				D354ADB02E5388E900EF3F06 /* Realtime in Frameworks */,
			);
			runOnlyForDeploymentPostprocessing = 0;
		};
		D3D458E62DBFEB1F001C706B /* Frameworks */ = {
			isa = PBXFrameworksBuildPhase;
			buildActionMask = 2147483647;
			files = (
			);
			runOnlyForDeploymentPostprocessing = 0;
		};
		D3D458F02DBFEB1F001C706B /* Frameworks */ = {
			isa = PBXFrameworksBuildPhase;
			buildActionMask = 2147483647;
			files = (
			);
			runOnlyForDeploymentPostprocessing = 0;
		};
/* End PBXFrameworksBuildPhase section */

/* Begin PBXGroup section */
		D354ADB32E58950B00EF3F06 /* Frameworks */ = {
			isa = PBXGroup;
			children = (
			);
			name = Frameworks;
			sourceTree = "<group>";
		};
		D3D458CE2DBFEB1E001C706B = {
			isa = PBXGroup;
			children = (
				D33CB2542EF23D03000DC6D8 /* .gitignore */,
				D3844DC12EE2DF5900C283A6 /* README.md */,
				D3D458D92DBFEB1E001C706B /* BonApp */,
				D3D458EC2DBFEB1F001C706B /* BonAppTests */,
				D3D458F62DBFEB1F001C706B /* BonAppUITests */,
				D354ADB32E58950B00EF3F06 /* Frameworks */,
				D3D458D82DBFEB1E001C706B /* Products */,
			);
			sourceTree = "<group>";
		};
		D3D458D82DBFEB1E001C706B /* Products */ = {
			isa = PBXGroup;
			children = (
				D3D458D72DBFEB1E001C706B /* BonApp.app */,
				D3D458E92DBFEB1F001C706B /* BonAppTests.xctest */,
				D3D458F32DBFEB1F001C706B /* BonAppUITests.xctest */,
			);
			name = Products;
			sourceTree = "<group>";
		};
/* End PBXGroup section */

/* Begin PBXNativeTarget section */
		D3D458D62DBFEB1E001C706B /* BonApp */ = {
			isa = PBXNativeTarget;
			buildConfigurationList = D3D458FD2DBFEB1F001C706B /* Build configuration list for PBXNativeTarget "BonApp" */;
			buildPhases = (
				D3D458D32DBFEB1E001C706B /* Sources */,
				D3D458D42DBFEB1E001C706B /* Frameworks */,
				D3D458D52DBFEB1E001C706B /* Resources */,
			);
			buildRules = (
			);
			dependencies = (
			);
			fileSystemSynchronizedGroups = (
				D3D458D92DBFEB1E001C706B /* BonApp */,
			);
			name = BonApp;
			packageProductDependencies = (
				D354ADA92E5388E900EF3F06 /* Auth */,
				D354ADAB2E5388E900EF3F06 /* Functions */,
				D354ADAD2E5388E900EF3F06 /* PostgREST */,
				D354ADAF2E5388E900EF3F06 /* Realtime */,
				D354ADB12E5388E900EF3F06 /* Storage */,
				D354ADB42E58970A00EF3F06 /* Supabase */,
			);
			productName = BonApp;
			productReference = D3D458D72DBFEB1E001C706B /* BonApp.app */;
			productType = "com.apple.product-type.application";
		};
		D3D458E82DBFEB1F001C706B /* BonAppTests */ = {
			isa = PBXNativeTarget;
			buildConfigurationList = D3D459002DBFEB1F001C706B /* Build configuration list for PBXNativeTarget "BonAppTests" */;
			buildPhases = (
				D3D458E52DBFEB1F001C706B /* Sources */,
				D3D458E62DBFEB1F001C706B /* Frameworks */,
				D3D458E72DBFEB1F001C706B /* Resources */,
			);
			buildRules = (
			);
			dependencies = (
				D3D458EB2DBFEB1F001C706B /* PBXTargetDependency */,
			);
			fileSystemSynchronizedGroups = (
				D3D458EC2DBFEB1F001C706B /* BonAppTests */,
			);
			name = BonAppTests;
			packageProductDependencies = (
			);
			productName = BonAppTests;
			productReference = D3D458E92DBFEB1F001C706B /* BonAppTests.xctest */;
			productType = "com.apple.product-type.bundle.unit-test";
		};
		D3D458F22DBFEB1F001C706B /* BonAppUITests */ = {
			isa = PBXNativeTarget;
			buildConfigurationList = D3D459032DBFEB1F001C706B /* Build configuration list for PBXNativeTarget "BonAppUITests" */;
			buildPhases = (
				D3D458EF2DBFEB1F001C706B /* Sources */,
				D3D458F02DBFEB1F001C706B /* Frameworks */,
				D3D458F12DBFEB1F001C706B /* Resources */,
			);
			buildRules = (
			);
			dependencies = (
				D3D458F52DBFEB1F001C706B /* PBXTargetDependency */,
			);
			fileSystemSynchronizedGroups = (
				D3D458F62DBFEB1F001C706B /* BonAppUITests */,
			);
			name = BonAppUITests;
			packageProductDependencies = (
			);
			productName = BonAppUITests;
			productReference = D3D458F32DBFEB1F001C706B /* BonAppUITests.xctest */;
			productType = "com.apple.product-type.bundle.ui-testing";
		};
/* End PBXNativeTarget section */

/* Begin PBXProject section */
		D3D458CF2DBFEB1E001C706B /* Project object */ = {
			isa = PBXProject;
			attributes = {
				BuildIndependentTargetsInParallel = 1;
				LastSwiftUpdateCheck = 1630;
				LastUpgradeCheck = 1640;
				TargetAttributes = {
					D3D458D62DBFEB1E001C706B = {
						CreatedOnToolsVersion = 16.3;
					};
					D3D458E82DBFEB1F001C706B = {
						CreatedOnToolsVersion = 16.3;
						TestTargetID = D3D458D62DBFEB1E001C706B;
					};
					D3D458F22DBFEB1F001C706B = {
						CreatedOnToolsVersion = 16.3;
						TestTargetID = D3D458D62DBFEB1E001C706B;
					};
				};
			};
			buildConfigurationList = D3D458D22DBFEB1E001C706B /* Build configuration list for PBXProject "BonApp" */;
			developmentRegion = pl;
			hasScannedForEncodings = 0;
			knownRegions = (
				en,
				Base,
				pl,
			);
			mainGroup = D3D458CE2DBFEB1E001C706B;
			minimizedProjectReferenceProxies = 1;
			packageReferences = (
				D354ADA82E5388E900EF3F06 /* XCRemoteSwiftPackageReference "supabase-swift" */,
			);
			preferredProjectObjectVersion = 77;
			productRefGroup = D3D458D82DBFEB1E001C706B /* Products */;
			projectDirPath = "";
			projectRoot = "";
			targets = (
				D3D458D62DBFEB1E001C706B /* BonApp */,
				D3D458E82DBFEB1F001C706B /* BonAppTests */,
				D3D458F22DBFEB1F001C706B /* BonAppUITests */,
			);
		};
/* End PBXProject section */

/* Begin PBXResourcesBuildPhase section */
		D3D458D52DBFEB1E001C706B /* Resources */ = {
			isa = PBXResourcesBuildPhase;
			buildActionMask = 2147483647;
			files = (
				D3844DC22EE2DF5900C283A6 /* README.md in Resources */,
			);
			runOnlyForDeploymentPostprocessing = 0;
		};
		D3D458E72DBFEB1F001C706B /* Resources */ = {
			isa = PBXResourcesBuildPhase;
			buildActionMask = 2147483647;
			files = (
			);
			runOnlyForDeploymentPostprocessing = 0;
		};
		D3D458F12DBFEB1F001C706B /* Resources */ = {
			isa = PBXResourcesBuildPhase;
			buildActionMask = 2147483647;
			files = (
			);
			runOnlyForDeploymentPostprocessing = 0;
		};
/* End PBXResourcesBuildPhase section */

/* Begin PBXSourcesBuildPhase section */
		D3D458D32DBFEB1E001C706B /* Sources */ = {
			isa = PBXSourcesBuildPhase;
			buildActionMask = 2147483647;
			files = (
			);
			runOnlyForDeploymentPostprocessing = 0;
		};
		D3D458E52DBFEB1F001C706B /* Sources */ = {
			isa = PBXSourcesBuildPhase;
			buildActionMask = 2147483647;
			files = (
			);
			runOnlyForDeploymentPostprocessing = 0;
		};
		D3D458EF2DBFEB1F001C706B /* Sources */ = {
			isa = PBXSourcesBuildPhase;
			buildActionMask = 2147483647;
			files = (
			);
			runOnlyForDeploymentPostprocessing = 0;
		};
/* End PBXSourcesBuildPhase section */

/* Begin PBXTargetDependency section */
		D3D458EB2DBFEB1F001C706B /* PBXTargetDependency */ = {
			isa = PBXTargetDependency;
			target = D3D458D62DBFEB1E001C706B /* BonApp */;
			targetProxy = D3D458EA2DBFEB1F001C706B /* PBXContainerItemProxy */;
		};
		D3D458F52DBFEB1F001C706B /* PBXTargetDependency */ = {
			isa = PBXTargetDependency;
			target = D3D458D62DBFEB1E001C706B /* BonApp */;
			targetProxy = D3D458F42DBFEB1F001C706B /* PBXContainerItemProxy */;
		};
/* End PBXTargetDependency section */

/* Begin XCBuildConfiguration section */
		D3D458FB2DBFEB1F001C706B /* Debug */ = {
			isa = XCBuildConfiguration;
			buildSettings = {
				ALWAYS_SEARCH_USER_PATHS = NO;
				ASSETCATALOG_COMPILER_GENERATE_SWIFT_ASSET_SYMBOL_EXTENSIONS = YES;
				CLANG_ANALYZER_LOCALIZABILITY_NONLOCALIZED = YES;
				CLANG_ANALYZER_NONNULL = YES;
				CLANG_ANALYZER_NUMBER_OBJECT_CONVERSION = YES_AGGRESSIVE;
				CLANG_CXX_LANGUAGE_STANDARD = "gnu++20";
				CLANG_ENABLE_MODULES = YES;
				CLANG_ENABLE_OBJC_ARC = YES;
				CLANG_ENABLE_OBJC_WEAK = YES;
				CLANG_WARN_BLOCK_CAPTURE_AUTORELEASING = YES;
				CLANG_WARN_BOOL_CONVERSION = YES;
				CLANG_WARN_COMMA = YES;
				CLANG_WARN_CONSTANT_CONVERSION = YES;
				CLANG_WARN_DEPRECATED_OBJC_IMPLEMENTATIONS = YES;
				CLANG_WARN_DIRECT_OBJC_ISA_USAGE = YES_ERROR;
				CLANG_WARN_DOCUMENTATION_COMMENTS = YES;
				CLANG_WARN_EMPTY_BODY = YES;
				CLANG_WARN_ENUM_CONVERSION = YES;
				CLANG_WARN_INFINITE_RECURSION = YES;
				CLANG_WARN_INT_CONVERSION = YES;
				CLANG_WARN_NON_LITERAL_NULL_CONVERSION = YES;
				CLANG_WARN_OBJC_IMPLICIT_RETAIN_SELF = YES;
				CLANG_WARN_OBJC_LITERAL_CONVERSION = YES;
				CLANG_WARN_OBJC_ROOT_CLASS = YES_ERROR;
				CLANG_WARN_QUOTED_INCLUDE_IN_FRAMEWORK_HEADER = YES;
				CLANG_WARN_RANGE_LOOP_ANALYSIS = YES;
				CLANG_WARN_STRICT_PROTOTYPES = YES;
				CLANG_WARN_SUSPICIOUS_MOVE = YES;
				CLANG_WARN_UNGUARDED_AVAILABILITY = YES_AGGRESSIVE;
				CLANG_WARN_UNREACHABLE_CODE = YES;
				CLANG_WARN__DUPLICATE_METHOD_MATCH = YES;
				COPY_PHASE_STRIP = NO;
				DEBUG_INFORMATION_FORMAT = dwarf;
				ENABLE_STRICT_OBJC_MSGSEND = YES;
				ENABLE_TESTABILITY = YES;
				ENABLE_USER_SCRIPT_SANDBOXING = YES;
				GCC_C_LANGUAGE_STANDARD = gnu17;
				GCC_DYNAMIC_NO_PIC = NO;
				GCC_NO_COMMON_BLOCKS = YES;
				GCC_OPTIMIZATION_LEVEL = 0;
				GCC_PREPROCESSOR_DEFINITIONS = (
					"DEBUG=1",
					"$(inherited)",
				);
				GCC_WARN_64_TO_32_BIT_CONVERSION = YES;
				GCC_WARN_ABOUT_RETURN_TYPE = YES_ERROR;
				GCC_WARN_UNDECLARED_SELECTOR = YES;
				GCC_WARN_UNINITIALIZED_AUTOS = YES_AGGRESSIVE;
				GCC_WARN_UNUSED_FUNCTION = YES;
				GCC_WARN_UNUSED_VARIABLE = YES;
				IPHONEOS_DEPLOYMENT_TARGET = 18.4;
				LOCALIZATION_PREFERS_STRING_CATALOGS = YES;
				MTL_ENABLE_DEBUG_INFO = INCLUDE_SOURCE;
				MTL_FAST_MATH = YES;
				ONLY_ACTIVE_ARCH = YES;
				SDKROOT = iphoneos;
				SWIFT_ACTIVE_COMPILATION_CONDITIONS = "DEBUG $(inherited)";
				SWIFT_OPTIMIZATION_LEVEL = "-Onone";
			};
			name = Debug;
		};
		D3D458FC2DBFEB1F001C706B /* Release */ = {
			isa = XCBuildConfiguration;
			buildSettings = {
				ALWAYS_SEARCH_USER_PATHS = NO;
				ASSETCATALOG_COMPILER_GENERATE_SWIFT_ASSET_SYMBOL_EXTENSIONS = YES;
				CLANG_ANALYZER_LOCALIZABILITY_NONLOCALIZED = YES;
				CLANG_ANALYZER_NONNULL = YES;
				CLANG_ANALYZER_NUMBER_OBJECT_CONVERSION = YES_AGGRESSIVE;
				CLANG_CXX_LANGUAGE_STANDARD = "gnu++20";
				CLANG_ENABLE_MODULES = YES;
				CLANG_ENABLE_OBJC_ARC = YES;
				CLANG_ENABLE_OBJC_WEAK = YES;
				CLANG_WARN_BLOCK_CAPTURE_AUTORELEASING = YES;
				CLANG_WARN_BOOL_CONVERSION = YES;
				CLANG_WARN_COMMA = YES;
				CLANG_WARN_CONSTANT_CONVERSION = YES;
				CLANG_WARN_DEPRECATED_OBJC_IMPLEMENTATIONS = YES;
				CLANG_WARN_DIRECT_OBJC_ISA_USAGE = YES_ERROR;
				CLANG_WARN_DOCUMENTATION_COMMENTS = YES;
				CLANG_WARN_EMPTY_BODY = YES;
				CLANG_WARN_ENUM_CONVERSION = YES;
				CLANG_WARN_INFINITE_RECURSION = YES;
				CLANG_WARN_INT_CONVERSION = YES;
				CLANG_WARN_NON_LITERAL_NULL_CONVERSION = YES;
				CLANG_WARN_OBJC_IMPLICIT_RETAIN_SELF = YES;
				CLANG_WARN_OBJC_LITERAL_CONVERSION = YES;
				CLANG_WARN_OBJC_ROOT_CLASS = YES_ERROR;
				CLANG_WARN_QUOTED_INCLUDE_IN_FRAMEWORK_HEADER = YES;
				CLANG_WARN_RANGE_LOOP_ANALYSIS = YES;
				CLANG_WARN_STRICT_PROTOTYPES = YES;
				CLANG_WARN_SUSPICIOUS_MOVE = YES;
				CLANG_WARN_UNGUARDED_AVAILABILITY = YES_AGGRESSIVE;
				CLANG_WARN_UNREACHABLE_CODE = YES;
				CLANG_WARN__DUPLICATE_METHOD_MATCH = YES;
				COPY_PHASE_STRIP = NO;
				DEBUG_INFORMATION_FORMAT = "dwarf-with-dsym";
				ENABLE_NS_ASSERTIONS = NO;
				ENABLE_STRICT_OBJC_MSGSEND = YES;
				ENABLE_USER_SCRIPT_SANDBOXING = YES;
				GCC_C_LANGUAGE_STANDARD = gnu17;
				GCC_NO_COMMON_BLOCKS = YES;
				GCC_WARN_64_TO_32_BIT_CONVERSION = YES;
				GCC_WARN_ABOUT_RETURN_TYPE = YES_ERROR;
				GCC_WARN_UNDECLARED_SELECTOR = YES;
				GCC_WARN_UNINITIALIZED_AUTOS = YES_AGGRESSIVE;
				GCC_WARN_UNUSED_FUNCTION = YES;
				GCC_WARN_UNUSED_VARIABLE = YES;
				IPHONEOS_DEPLOYMENT_TARGET = 18.4;
				LOCALIZATION_PREFERS_STRING_CATALOGS = YES;
				MTL_ENABLE_DEBUG_INFO = NO;
				MTL_FAST_MATH = YES;
				SDKROOT = iphoneos;
				SWIFT_COMPILATION_MODE = wholemodule;
				VALIDATE_PRODUCT = YES;
			};
			name = Release;
		};
		D3D458FE2DBFEB1F001C706B /* Debug */ = {
			isa = XCBuildConfiguration;
			buildSettings = {
				ASSETCATALOG_COMPILER_APPICON_NAME = AppIcon;
				ASSETCATALOG_COMPILER_GLOBAL_ACCENT_COLOR_NAME = AccentColor;
				ASSETCATALOG_COMPILER_INCLUDE_ALL_APPICON_ASSETS = NO;
				CODE_SIGN_STYLE = Automatic;
				CURRENT_PROJECT_VERSION = 1;
				DEVELOPMENT_TEAM = ZY7385663N;
				ENABLE_PREVIEWS = YES;
				GENERATE_INFOPLIST_FILE = YES;
				INFOPLIST_KEY_LSApplicationCategoryType = "";
				INFOPLIST_KEY_UIApplicationSceneManifest_Generation = YES;
				INFOPLIST_KEY_UIApplicationSupportsIndirectInputEvents = YES;
				INFOPLIST_KEY_UILaunchStoryboardName = "Launch Screen.storyboard";
				INFOPLIST_KEY_UISupportedInterfaceOrientations_iPad = "UIInterfaceOrientationPortrait UIInterfaceOrientationPortraitUpsideDown UIInterfaceOrientationLandscapeLeft UIInterfaceOrientationLandscapeRight";
				INFOPLIST_KEY_UISupportedInterfaceOrientations_iPhone = "UIInterfaceOrientationPortrait UIInterfaceOrientationLandscapeLeft UIInterfaceOrientationLandscapeRight";
				LD_RUNPATH_SEARCH_PATHS = (
					"$(inherited)",
					"@executable_path/Frameworks",
				);
				MARKETING_VERSION = 1.0;
				PRODUCT_BUNDLE_IDENTIFIER = MS.BonApp;
				PRODUCT_NAME = "$(TARGET_NAME)";
				SWIFT_EMIT_LOC_STRINGS = YES;
				SWIFT_VERSION = 5.0;
				TARGETED_DEVICE_FAMILY = "1,2";
			};
			name = Debug;
		};
		D3D458FF2DBFEB1F001C706B /* Release */ = {
			isa = XCBuildConfiguration;
			buildSettings = {
				ASSETCATALOG_COMPILER_APPICON_NAME = AppIcon;
				ASSETCATALOG_COMPILER_GLOBAL_ACCENT_COLOR_NAME = AccentColor;
				ASSETCATALOG_COMPILER_INCLUDE_ALL_APPICON_ASSETS = NO;
				CODE_SIGN_STYLE = Automatic;
				CURRENT_PROJECT_VERSION = 1;
				DEVELOPMENT_TEAM = ZY7385663N;
				ENABLE_PREVIEWS = YES;
				GENERATE_INFOPLIST_FILE = YES;
				INFOPLIST_KEY_LSApplicationCategoryType = "";
				INFOPLIST_KEY_UIApplicationSceneManifest_Generation = YES;
				INFOPLIST_KEY_UIApplicationSupportsIndirectInputEvents = YES;
				INFOPLIST_KEY_UILaunchStoryboardName = "Launch Screen.storyboard";
				INFOPLIST_KEY_UISupportedInterfaceOrientations_iPad = "UIInterfaceOrientationPortrait UIInterfaceOrientationPortraitUpsideDown UIInterfaceOrientationLandscapeLeft UIInterfaceOrientationLandscapeRight";
				INFOPLIST_KEY_UISupportedInterfaceOrientations_iPhone = "UIInterfaceOrientationPortrait UIInterfaceOrientationLandscapeLeft UIInterfaceOrientationLandscapeRight";
				LD_RUNPATH_SEARCH_PATHS = (
					"$(inherited)",
					"@executable_path/Frameworks",
				);
				MARKETING_VERSION = 1.0;
				PRODUCT_BUNDLE_IDENTIFIER = MS.BonApp;
				PRODUCT_NAME = "$(TARGET_NAME)";
				SWIFT_EMIT_LOC_STRINGS = YES;
				SWIFT_VERSION = 5.0;
				TARGETED_DEVICE_FAMILY = "1,2";
			};
			name = Release;
		};
		D3D459012DBFEB1F001C706B /* Debug */ = {
			isa = XCBuildConfiguration;
			buildSettings = {
				BUNDLE_LOADER = "$(TEST_HOST)";
				CODE_SIGN_STYLE = Automatic;
				CURRENT_PROJECT_VERSION = 1;
				GENERATE_INFOPLIST_FILE = YES;
				IPHONEOS_DEPLOYMENT_TARGET = 18.4;
				MARKETING_VERSION = 1.0;
				PRODUCT_BUNDLE_IDENTIFIER = MS.BonAppTests;
				PRODUCT_NAME = "$(TARGET_NAME)";
				SWIFT_EMIT_LOC_STRINGS = NO;
				SWIFT_VERSION = 5.0;
				TARGETED_DEVICE_FAMILY = "1,2";
				TEST_HOST = "$(BUILT_PRODUCTS_DIR)/BonApp.app/$(BUNDLE_EXECUTABLE_FOLDER_PATH)/BonApp";
			};
			name = Debug;
		};
		D3D459022DBFEB1F001C706B /* Release */ = {
			isa = XCBuildConfiguration;
			buildSettings = {
				BUNDLE_LOADER = "$(TEST_HOST)";
				CODE_SIGN_STYLE = Automatic;
				CURRENT_PROJECT_VERSION = 1;
				GENERATE_INFOPLIST_FILE = YES;
				IPHONEOS_DEPLOYMENT_TARGET = 18.4;
				MARKETING_VERSION = 1.0;
				PRODUCT_BUNDLE_IDENTIFIER = MS.BonAppTests;
				PRODUCT_NAME = "$(TARGET_NAME)";
				SWIFT_EMIT_LOC_STRINGS = NO;
				SWIFT_VERSION = 5.0;
				TARGETED_DEVICE_FAMILY = "1,2";
				TEST_HOST = "$(BUILT_PRODUCTS_DIR)/BonApp.app/$(BUNDLE_EXECUTABLE_FOLDER_PATH)/BonApp";
			};
			name = Release;
		};
		D3D459042DBFEB1F001C706B /* Debug */ = {
			isa = XCBuildConfiguration;
			buildSettings = {
				CODE_SIGN_STYLE = Automatic;
				CURRENT_PROJECT_VERSION = 1;
				GENERATE_INFOPLIST_FILE = YES;
				MARKETING_VERSION = 1.0;
				PRODUCT_BUNDLE_IDENTIFIER = MS.BonAppUITests;
				PRODUCT_NAME = "$(TARGET_NAME)";
				SWIFT_EMIT_LOC_STRINGS = NO;
				SWIFT_VERSION = 5.0;
				TARGETED_DEVICE_FAMILY = "1,2";
				TEST_TARGET_NAME = BonApp;
			};
			name = Debug;
		};
		D3D459052DBFEB1F001C706B /* Release */ = {
			isa = XCBuildConfiguration;
			buildSettings = {
				CODE_SIGN_STYLE = Automatic;
				CURRENT_PROJECT_VERSION = 1;
				GENERATE_INFOPLIST_FILE = YES;
				MARKETING_VERSION = 1.0;
				PRODUCT_BUNDLE_IDENTIFIER = MS.BonAppUITests;
				PRODUCT_NAME = "$(TARGET_NAME)";
				SWIFT_EMIT_LOC_STRINGS = NO;
				SWIFT_VERSION = 5.0;
				TARGETED_DEVICE_FAMILY = "1,2";
				TEST_TARGET_NAME = BonApp;
			};
			name = Release;
		};
/* End XCBuildConfiguration section */

/* Begin XCConfigurationList section */
		D3D458D22DBFEB1E001C706B /* Build configuration list for PBXProject "BonApp" */ = {
			isa = XCConfigurationList;
			buildConfigurations = (
				D3D458FB2DBFEB1F001C706B /* Debug */,
				D3D458FC2DBFEB1F001C706B /* Release */,
			);
			defaultConfigurationIsVisible = 0;
			defaultConfigurationName = Release;
		};
		D3D458FD2DBFEB1F001C706B /* Build configuration list for PBXNativeTarget "BonApp" */ = {
			isa = XCConfigurationList;
			buildConfigurations = (
				D3D458FE2DBFEB1F001C706B /* Debug */,
				D3D458FF2DBFEB1F001C706B /* Release */,
			);
			defaultConfigurationIsVisible = 0;
			defaultConfigurationName = Release;
		};
		D3D459002DBFEB1F001C706B /* Build configuration list for PBXNativeTarget "BonAppTests" */ = {
			isa = XCConfigurationList;
			buildConfigurations = (
				D3D459012DBFEB1F001C706B /* Debug */,
				D3D459022DBFEB1F001C706B /* Release */,
			);
			defaultConfigurationIsVisible = 0;
			defaultConfigurationName = Release;
		};
		D3D459032DBFEB1F001C706B /* Build configuration list for PBXNativeTarget "BonAppUITests" */ = {
			isa = XCConfigurationList;
			buildConfigurations = (
				D3D459042DBFEB1F001C706B /* Debug */,
				D3D459052DBFEB1F001C706B /* Release */,
			);
			defaultConfigurationIsVisible = 0;
			defaultConfigurationName = Release;
		};
/* End XCConfigurationList section */

/* Begin XCRemoteSwiftPackageReference section */
		D354ADA82E5388E900EF3F06 /* XCRemoteSwiftPackageReference "supabase-swift" */ = {
			isa = XCRemoteSwiftPackageReference;
			repositoryURL = "https://github.com/supabase/supabase-swift.git";
			requirement = {
				kind = upToNextMajorVersion;
				minimumVersion = 2.5.1;
			};
		};
/* End XCRemoteSwiftPackageReference section */

/* Begin XCSwiftPackageProductDependency section */
		D354ADA92E5388E900EF3F06 /* Auth */ = {
			isa = XCSwiftPackageProductDependency;
			package = D354ADA82E5388E900EF3F06 /* XCRemoteSwiftPackageReference "supabase-swift" */;
			productName = Auth;
		};
		D354ADAB2E5388E900EF3F06 /* Functions */ = {
			isa = XCSwiftPackageProductDependency;
			package = D354ADA82E5388E900EF3F06 /* XCRemoteSwiftPackageReference "supabase-swift" */;
			productName = Functions;
		};
		D354ADAD2E5388E900EF3F06 /* PostgREST */ = {
			isa = XCSwiftPackageProductDependency;
			package = D354ADA82E5388E900EF3F06 /* XCRemoteSwiftPackageReference "supabase-swift" */;
			productName = PostgREST;
		};
		D354ADAF2E5388E900EF3F06 /* Realtime */ = {
			isa = XCSwiftPackageProductDependency;
			package = D354ADA82E5388E900EF3F06 /* XCRemoteSwiftPackageReference "supabase-swift" */;
			productName = Realtime;
		};
		D354ADB12E5388E900EF3F06 /* Storage */ = {
			isa = XCSwiftPackageProductDependency;
			package = D354ADA82E5388E900EF3F06 /* XCRemoteSwiftPackageReference "supabase-swift" */;
			productName = Storage;
		};
		D354ADB42E58970A00EF3F06 /* Supabase */ = {
			isa = XCSwiftPackageProductDependency;
			package = D354ADA82E5388E900EF3F06 /* XCRemoteSwiftPackageReference "supabase-swift" */;
			productName = Supabase;
		};
/* End XCSwiftPackageProductDependency section */
	};
	rootObject = D3D458CF2DBFEB1E001C706B /* Project object */;
}
